
Microsoft Visual Studio Solution File, Format Version 12.00
# Visual Studio Version 17
VisualStudioVersion = 17.7.34031.279
MinimumVisualStudioVersion = 10.0.40219.1
Project("{FAE04EC0-301F-11D3-BF4B-00C04F79EFBC}") = "Bloggie.Web", "Bloggie.Web\Bloggie.Web.csproj", "{CECDAD4A-1073-40FF-8CFC-D624AC8B7715}"
EndProject
Global
	GlobalSection(SolutionConfigurationPlatforms) = preSolution
		Debug|Any CPU = Debug|Any CPU
		Release|Any CPU = Release|Any CPU
	EndGlobalSection
	GlobalSection(ProjectConfigurationPlatforms) = postSolution
		{CECDAD4A-1073-40FF-8CFC-D624AC8B7715}.Debug|Any CPU.ActiveCfg = Debug|Any CPU
		{CECDAD4A-1073-40FF-8CFC-D624AC8B7715}.Debug|Any CPU.Build.0 = Debug|Any CPU
		{CECDAD4A-1073-40FF-8CFC-D624AC8B7715}.Release|Any CPU.ActiveCfg = Release|Any CPU
		{CECDAD4A-1073-40FF-8CFC-D624AC8B7715}.Release|Any CPU.Build.0 = Release|Any CPU
	EndGlobalSection
	GlobalSection(SolutionProperties) = preSolution
		HideSolutionNode = FALSE
	EndGlobalSection
	GlobalSection(ExtensibilityGlobals) = postSolution
		SolutionGuid = {664CD65D-ABEB-49F5-BE98-726C1C47B0F4}
	EndGlobalSection
EndGlobal
